// !$*UTF8*$!
{
	archiveVersion = 1;
	classes = {
	};
	objectVersion = 50;
	objects = {

/* Begin PBXBuildFile section */
		059E245027DCC82100815DC0 /* MenuOrderBasicApp.swift in Sources */ = {isa = PBXBuildFile; fileRef = 059E244F27DCC82100815DC0 /* MenuOrderBasicApp.swift */; };
		059E245227DCC82100815DC0 /* ContentView.swift in Sources */ = {isa = PBXBuildFile; fileRef = 059E245127DCC82100815DC0 /* ContentView.swift */; };
		059E245427DCC82200815DC0 /* Assets.xcassets in Resources */ = {isa = PBXBuildFile; fileRef = 059E245327DCC82200815DC0 /* Assets.xcassets */; };
		059E245727DCC82200815DC0 /* Preview Assets.xcassets in Resources */ = {isa = PBXBuildFile; fileRef = 059E245627DCC82200815DC0 /* Preview Assets.xcassets */; };
		059E246227DCC82200815DC0 /* MenuOrderBasicTests.swift in Sources */ = {isa = PBXBuildFile; fileRef = 059E246127DCC82200815DC0 /* MenuOrderBasicTests.swift */; };
		059E246D27DCC82200815DC0 /* MenuOrderBasicUITests.swift in Sources */ = {isa = PBXBuildFile; fileRef = 059E246C27DCC82200815DC0 /* MenuOrderBasicUITests.swift */; };
/* End PBXBuildFile section */

/* Begin PBXContainerItemProxy section */
		059E245E27DCC82200815DC0 /* PBXContainerItemProxy */ = {
			isa = PBXContainerItemProxy;
			containerPortal = 059E244427DCC82100815DC0 /* Project object */;
			proxyType = 1;
			remoteGlobalIDString = 059E244B27DCC82100815DC0;
			remoteInfo = MenuOrderBasic;
		};
		059E246927DCC82200815DC0 /* PBXContainerItemProxy */ = {
			isa = PBXContainerItemProxy;
			containerPortal = 059E244427DCC82100815DC0 /* Project object */;
			proxyType = 1;
			remoteGlobalIDString = 059E244B27DCC82100815DC0;
			remoteInfo = MenuOrderBasic;
		};
/* End PBXContainerItemProxy section */

/* Begin PBXFileReference section */
		059E244C27DCC82100815DC0 /* MenuOrderBasic.app */ = {isa = PBXFileReference; explicitFileType = wrapper.application; includeInIndex = 0; path = MenuOrderBasic.app; sourceTree = BUILT_PRODUCTS_DIR; };
		059E244F27DCC82100815DC0 /* MenuOrderBasicApp.swift */ = {isa = PBXFileReference; lastKnownFileType = sourcecode.swift; path = MenuOrderBasicApp.swift; sourceTree = "<group>"; };
		059E245127DCC82100815DC0 /* ContentView.swift */ = {isa = PBXFileReference; lastKnownFileType = sourcecode.swift; path = ContentView.swift; sourceTree = "<group>"; };
		059E245327DCC82200815DC0 /* Assets.xcassets */ = {isa = PBXFileReference; lastKnownFileType = folder.assetcatalog; path = Assets.xcassets; sourceTree = "<group>"; };
		059E245627DCC82200815DC0 /* Preview Assets.xcassets */ = {isa = PBXFileReference; lastKnownFileType = folder.assetcatalog; path = "Preview Assets.xcassets"; sourceTree = "<group>"; };
		059E245827DCC82200815DC0 /* Info.plist */ = {isa = PBXFileReference; lastKnownFileType = text.plist.xml; path = Info.plist; sourceTree = "<group>"; };
		059E245D27DCC82200815DC0 /* MenuOrderBasicTests.xctest */ = {isa = PBXFileReference; explicitFileType = wrapper.cfbundle; includeInIndex = 0; path = MenuOrderBasicTests.xctest; sourceTree = BUILT_PRODUCTS_DIR; };
		059E246127DCC82200815DC0 /* MenuOrderBasicTests.swift */ = {isa = PBXFileReference; lastKnownFileType = sourcecode.swift; path = MenuOrderBasicTests.swift; sourceTree = "<group>"; };
		059E246327DCC82200815DC0 /* Info.plist */ = {isa = PBXFileReference; lastKnownFileType = text.plist.xml; path = Info.plist; sourceTree = "<group>"; };
		059E246827DCC82200815DC0 /* MenuOrderBasicUITests.xctest */ = {isa = PBXFileReference; explicitFileType = wrapper.cfbundle; includeInIndex = 0; path = MenuOrderBasicUITests.xctest; sourceTree = BUILT_PRODUCTS_DIR; };
		059E246C27DCC82200815DC0 /* MenuOrderBasicUITests.swift */ = {isa = PBXFileReference; lastKnownFileType = sourcecode.swift; path = MenuOrderBasicUITests.swift; sourceTree = "<group>"; };
		059E246E27DCC82200815DC0 /* Info.plist */ = {isa = PBXFileReference; lastKnownFileType = text.plist.xml; path = Info.plist; sourceTree = "<group>"; };
/* End PBXFileReference section */

/* Begin PBXFrameworksBuildPhase section */
		059E244927DCC82100815DC0 /* Frameworks */ = {
			isa = PBXFrameworksBuildPhase;
			buildActionMask = 2147483647;
			files = (
			);
			runOnlyForDeploymentPostprocessing = 0;
		};
		059E245A27DCC82200815DC0 /* Frameworks */ = {
			isa = PBXFrameworksBuildPhase;
			buildActionMask = 2147483647;
			files = (
			);
			runOnlyForDeploymentPostprocessing = 0;
		};
		059E246527DCC82200815DC0 /* Frameworks */ = {
			isa = PBXFrameworksBuildPhase;
			buildActionMask = 2147483647;
			files = (
			);
			runOnlyForDeploymentPostprocessing = 0;
		};
/* End PBXFrameworksBuildPhase section */

/* Begin PBXGroup section */
		059E244327DCC82100815DC0 = {
			isa = PBXGroup;
			children = (
				059E244E27DCC82100815DC0 /* MenuOrderBasic */,
				059E246027DCC82200815DC0 /* MenuOrderBasicTests */,
				059E246B27DCC82200815DC0 /* MenuOrderBasicUITests */,
				059E244D27DCC82100815DC0 /* Products */,
			);
			sourceTree = "<group>";
		};
		059E244D27DCC82100815DC0 /* Products */ = {
			isa = PBXGroup;
			children = (
				059E244C27DCC82100815DC0 /* MenuOrderBasic.app */,
				059E245D27DCC82200815DC0 /* MenuOrderBasicTests.xctest */,
				059E246827DCC82200815DC0 /* MenuOrderBasicUITests.xctest */,
			);
			name = Products;
			sourceTree = "<group>";
		};
		059E244E27DCC82100815DC0 /* MenuOrderBasic */ = {
			isa = PBXGroup;
			children = (
				059E244F27DCC82100815DC0 /* MenuOrderBasicApp.swift */,
				059E245127DCC82100815DC0 /* ContentView.swift */,
				059E245327DCC82200815DC0 /* Assets.xcassets */,
				059E245827DCC82200815DC0 /* Info.plist */,
				059E245527DCC82200815DC0 /* Preview Content */,
			);
			path = MenuOrderBasic;
			sourceTree = "<group>";
		};
		059E245527DCC82200815DC0 /* Preview Content */ = {
			isa = PBXGroup;
			children = (
				059E245627DCC82200815DC0 /* Preview Assets.xcassets */,
			);
			path = "Preview Content";
			sourceTree = "<group>";
		};
		059E246027DCC82200815DC0 /* MenuOrderBasicTests */ = {
			isa = PBXGroup;
			children = (
				059E246127DCC82200815DC0 /* MenuOrderBasicTests.swift */,
				059E246327DCC82200815DC0 /* Info.plist */,
			);
			path = MenuOrderBasicTests;
			sourceTree = "<group>";
		};
		059E246B27DCC82200815DC0 /* MenuOrderBasicUITests */ = {
			isa = PBXGroup;
			children = (
				059E246C27DCC82200815DC0 /* MenuOrderBasicUITests.swift */,
				059E246E27DCC82200815DC0 /* Info.plist */,
			);
			path = MenuOrderBasicUITests;
			sourceTree = "<group>";
		};
/* End PBXGroup section */

/* Begin PBXNativeTarget section */
		059E244B27DCC82100815DC0 /* MenuOrderBasic */ = {
			isa = PBXNativeTarget;
			buildConfigurationList = 059E247127DCC82200815DC0 /* Build configuration list for PBXNativeTarget "MenuOrderBasic" */;
			buildPhases = (
				059E244827DCC82100815DC0 /* Sources */,
				059E244927DCC82100815DC0 /* Frameworks */,
				059E244A27DCC82100815DC0 /* Resources */,
			);
			buildRules = (
			);
			dependencies = (
			);
			name = MenuOrderBasic;
			productName = MenuOrderBasic;
			productReference = 059E244C27DCC82100815DC0 /* MenuOrderBasic.app */;
			productType = "com.apple.product-type.application";
		};
		059E245C27DCC82200815DC0 /* MenuOrderBasicTests */ = {
			isa = PBXNativeTarget;
			buildConfigurationList = 059E247427DCC82200815DC0 /* Build configuration list for PBXNativeTarget "MenuOrderBasicTests" */;
			buildPhases = (
				059E245927DCC82200815DC0 /* Sources */,
				059E245A27DCC82200815DC0 /* Frameworks */,
				059E245B27DCC82200815DC0 /* Resources */,
			);
			buildRules = (
			);
			dependencies = (
				059E245F27DCC82200815DC0 /* PBXTargetDependency */,
			);
			name = MenuOrderBasicTests;
			productName = MenuOrderBasicTests;
			productReference = 059E245D27DCC82200815DC0 /* MenuOrderBasicTests.xctest */;
			productType = "com.apple.product-type.bundle.unit-test";
		};
		059E246727DCC82200815DC0 /* MenuOrderBasicUITests */ = {
			isa = PBXNativeTarget;
			buildConfigurationList = 059E247727DCC82200815DC0 /* Build configuration list for PBXNativeTarget "MenuOrderBasicUITests" */;
			buildPhases = (
				059E246427DCC82200815DC0 /* Sources */,
				059E246527DCC82200815DC0 /* Frameworks */,
				059E246627DCC82200815DC0 /* Resources */,
			);
			buildRules = (
			);
			dependencies = (
				059E246A27DCC82200815DC0 /* PBXTargetDependency */,
			);
			name = MenuOrderBasicUITests;
			productName = MenuOrderBasicUITests;
			productReference = 059E246827DCC82200815DC0 /* MenuOrderBasicUITests.xctest */;
			productType = "com.apple.product-type.bundle.ui-testing";
		};
/* End PBXNativeTarget section */

/* Begin PBXProject section */
		059E244427DCC82100815DC0 /* Project object */ = {
			isa = PBXProject;
			attributes = {
				LastSwiftUpdateCheck = 1250;
				LastUpgradeCheck = 1250;
				TargetAttributes = {
					059E244B27DCC82100815DC0 = {
						CreatedOnToolsVersion = 12.5;
					};
					059E245C27DCC82200815DC0 = {
						CreatedOnToolsVersion = 12.5;
						TestTargetID = 059E244B27DCC82100815DC0;
					};
					059E246727DCC82200815DC0 = {
						CreatedOnToolsVersion = 12.5;
						TestTargetID = 059E244B27DCC82100815DC0;
					};
				};
			};
			buildConfigurationList = 059E244727DCC82100815DC0 /* Build configuration list for PBXProject "MenuOrderBasic" */;
			compatibilityVersion = "Xcode 9.3";
			developmentRegion = en;
			hasScannedForEncodings = 0;
			knownRegions = (
				en,
				Base,
			);
			mainGroup = 059E244327DCC82100815DC0;
			productRefGroup = 059E244D27DCC82100815DC0 /* Products */;
			projectDirPath = "";
			projectRoot = "";
			targets = (
				059E244B27DCC82100815DC0 /* MenuOrderBasic */,
				059E245C27DCC82200815DC0 /* MenuOrderBasicTests */,
				059E246727DCC82200815DC0 /* MenuOrderBasicUITests */,
			);
		};
/* End PBXProject section */

/* Begin PBXResourcesBuildPhase section */
		059E244A27DCC82100815DC0 /* Resources */ = {
			isa = PBXResourcesBuildPhase;
			buildActionMask = 2147483647;
			files = (
				059E245727DCC82200815DC0 /* Preview Assets.xcassets in Resources */,
				059E245427DCC82200815DC0 /* Assets.xcassets in Resources */,
			);
			runOnlyForDeploymentPostprocessing = 0;
		};
		059E245B27DCC82200815DC0 /* Resources */ = {
			isa = PBXResourcesBuildPhase;
			buildActionMask = 2147483647;
			files = (
			);
			runOnlyForDeploymentPostprocessing = 0;
		};
		059E246627DCC82200815DC0 /* Resources */ = {
			isa = PBXResourcesBuildPhase;
			buildActionMask = 2147483647;
			files = (
			);
			runOnlyForDeploymentPostprocessing = 0;
		};
/* End PBXResourcesBuildPhase section */

/* Begin PBXSourcesBuildPhase section */
		059E244827DCC82100815DC0 /* Sources */ = {
			isa = PBXSourcesBuildPhase;
			buildActionMask = 2147483647;
			files = (
				059E245227DCC82100815DC0 /* ContentView.swift in Sources */,
				059E245027DCC82100815DC0 /* MenuOrderBasicApp.swift in Sources */,
			);
			runOnlyForDeploymentPostprocessing = 0;
		};
		059E245927DCC82200815DC0 /* Sources */ = {
			isa = PBXSourcesBuildPhase;
			buildActionMask = 2147483647;
			files = (
				059E246227DCC82200815DC0 /* MenuOrderBasicTests.swift in Sources */,
			);
			runOnlyForDeploymentPostprocessing = 0;
		};
		059E246427DCC82200815DC0 /* Sources */ = {
			isa = PBXSourcesBuildPhase;
			buildActionMask = 2147483647;
			files = (
				059E246D27DCC82200815DC0 /* MenuOrderBasicUITests.swift in Sources */,
			);
			runOnlyForDeploymentPostprocessing = 0;
		};
/* End PBXSourcesBuildPhase section */

/* Begin PBXTargetDependency section */
		059E245F27DCC82200815DC0 /* PBXTargetDependency */ = {
			isa = PBXTargetDependency;
			target = 059E244B27DCC82100815DC0 /* MenuOrderBasic */;
			targetProxy = 059E245E27DCC82200815DC0 /* PBXContainerItemProxy */;
		};
		059E246A27DCC82200815DC0 /* PBXTargetDependency */ = {
			isa = PBXTargetDependency;
			target = 059E244B27DCC82100815DC0 /* MenuOrderBasic */;
			targetProxy = 059E246927DCC82200815DC0 /* PBXContainerItemProxy */;
		};
/* End PBXTargetDependency section */

/* Begin XCBuildConfiguration section */
		059E246F27DCC82200815DC0 /* Debug */ = {
			isa = XCBuildConfiguration;
			buildSettings = {
				ALWAYS_SEARCH_USER_PATHS = NO;
				CLANG_ANALYZER_NONNULL = YES;
				CLANG_ANALYZER_NUMBER_OBJECT_CONVERSION = YES_AGGRESSIVE;
				CLANG_CXX_LANGUAGE_STANDARD = "gnu++14";
				CLANG_CXX_LIBRARY = "libc++";
				CLANG_ENABLE_MODULES = YES;
				CLANG_ENABLE_OBJC_ARC = YES;
				CLANG_ENABLE_OBJC_WEAK = YES;
				CLANG_WARN_BLOCK_CAPTURE_AUTORELEASING = YES;
				CLANG_WARN_BOOL_CONVERSION = YES;
				CLANG_WARN_COMMA = YES;
				CLANG_WARN_CONSTANT_CONVERSION = YES;
				CLANG_WARN_DEPRECATED_OBJC_IMPLEMENTATIONS = YES;
				CLANG_WARN_DIRECT_OBJC_ISA_USAGE = YES_ERROR;
				CLANG_WARN_DOCUMENTATION_COMMENTS = YES;
				CLANG_WARN_EMPTY_BODY = YES;
				CLANG_WARN_ENUM_CONVERSION = YES;
				CLANG_WARN_INFINITE_RECURSION = YES;
				CLANG_WARN_INT_CONVERSION = YES;
				CLANG_WARN_NON_LITERAL_NULL_CONVERSION = YES;
				CLANG_WARN_OBJC_IMPLICIT_RETAIN_SELF = YES;
				CLANG_WARN_OBJC_LITERAL_CONVERSION = YES;
				CLANG_WARN_OBJC_ROOT_CLASS = YES_ERROR;
				CLANG_WARN_QUOTED_INCLUDE_IN_FRAMEWORK_HEADER = YES;
				CLANG_WARN_RANGE_LOOP_ANALYSIS = YES;
				CLANG_WARN_STRICT_PROTOTYPES = YES;
				CLANG_WARN_SUSPICIOUS_MOVE = YES;
				CLANG_WARN_UNGUARDED_AVAILABILITY = YES_AGGRESSIVE;
				CLANG_WARN_UNREACHABLE_CODE = YES;
				CLANG_WARN__DUPLICATE_METHOD_MATCH = YES;
				COPY_PHASE_STRIP = NO;
				DEBUG_INFORMATION_FORMAT = dwarf;
				ENABLE_STRICT_OBJC_MSGSEND = YES;
				ENABLE_TESTABILITY = YES;
				GCC_C_LANGUAGE_STANDARD = gnu11;
				GCC_DYNAMIC_NO_PIC = NO;
				GCC_NO_COMMON_BLOCKS = YES;
				GCC_OPTIMIZATION_LEVEL = 0;
				GCC_PREPROCESSOR_DEFINITIONS = (
					"DEBUG=1",
					"$(inherited)",
				);
				GCC_WARN_64_TO_32_BIT_CONVERSION = YES;
				GCC_WARN_ABOUT_RETURN_TYPE = YES_ERROR;
				GCC_WARN_UNDECLARED_SELECTOR = YES;
				GCC_WARN_UNINITIALIZED_AUTOS = YES_AGGRESSIVE;
				GCC_WARN_UNUSED_FUNCTION = YES;
				GCC_WARN_UNUSED_VARIABLE = YES;
				IPHONEOS_DEPLOYMENT_TARGET = 14.5;
				MTL_ENABLE_DEBUG_INFO = INCLUDE_SOURCE;
				MTL_FAST_MATH = YES;
				ONLY_ACTIVE_ARCH = YES;
				SDKROOT = iphoneos;
				SWIFT_ACTIVE_COMPILATION_CONDITIONS = DEBUG;
				SWIFT_OPTIMIZATION_LEVEL = "-Onone";
			};
			name = Debug;
		};
		059E247027DCC82200815DC0 /* Release */ = {
			isa = XCBuildConfiguration;
			buildSettings = {
				ALWAYS_SEARCH_USER_PATHS = NO;
				CLANG_ANALYZER_NONNULL = YES;
				CLANG_ANALYZER_NUMBER_OBJECT_CONVERSION = YES_AGGRESSIVE;
				CLANG_CXX_LANGUAGE_STANDARD = "gnu++14";
				CLANG_CXX_LIBRARY = "libc++";
				CLANG_ENABLE_MODULES = YES;
				CLANG_ENABLE_OBJC_ARC = YES;
				CLANG_ENABLE_OBJC_WEAK = YES;
				CLANG_WARN_BLOCK_CAPTURE_AUTORELEASING = YES;
				CLANG_WARN_BOOL_CONVERSION = YES;
				CLANG_WARN_COMMA = YES;
				CLANG_WARN_CONSTANT_CONVERSION = YES;
				CLANG_WARN_DEPRECATED_OBJC_IMPLEMENTATIONS = YES;
				CLANG_WARN_DIRECT_OBJC_ISA_USAGE = YES_ERROR;
				CLANG_WARN_DOCUMENTATION_COMMENTS = YES;
				CLANG_WARN_EMPTY_BODY = YES;
				CLANG_WARN_ENUM_CONVERSION = YES;
				CLANG_WARN_INFINITE_RECURSION = YES;
				CLANG_WARN_INT_CONVERSION = YES;
				CLANG_WARN_NON_LITERAL_NULL_CONVERSION = YES;
				CLANG_WARN_OBJC_IMPLICIT_RETAIN_SELF = YES;
				CLANG_WARN_OBJC_LITERAL_CONVERSION = YES;
				CLANG_WARN_OBJC_ROOT_CLASS = YES_ERROR;
				CLANG_WARN_QUOTED_INCLUDE_IN_FRAMEWORK_HEADER = YES;
				CLANG_WARN_RANGE_LOOP_ANALYSIS = YES;
				CLANG_WARN_STRICT_PROTOTYPES = YES;
				CLANG_WARN_SUSPICIOUS_MOVE = YES;
				CLANG_WARN_UNGUARDED_AVAILABILITY = YES_AGGRESSIVE;
				CLANG_WARN_UNREACHABLE_CODE = YES;
				CLANG_WARN__DUPLICATE_METHOD_MATCH = YES;
				COPY_PHASE_STRIP = NO;
				DEBUG_INFORMATION_FORMAT = "dwarf-with-dsym";
				ENABLE_NS_ASSERTIONS = NO;
				ENABLE_STRICT_OBJC_MSGSEND = YES;
				GCC_C_LANGUAGE_STANDARD = gnu11;
				GCC_NO_COMMON_BLOCKS = YES;
				GCC_WARN_64_TO_32_BIT_CONVERSION = YES;
				GCC_WARN_ABOUT_RETURN_TYPE = YES_ERROR;
				GCC_WARN_UNDECLARED_SELECTOR = YES;
				GCC_WARN_UNINITIALIZED_AUTOS = YES_AGGRESSIVE;
				GCC_WARN_UNUSED_FUNCTION = YES;
				GCC_WARN_UNUSED_VARIABLE = YES;
				IPHONEOS_DEPLOYMENT_TARGET = 14.5;
				MTL_ENABLE_DEBUG_INFO = NO;
				MTL_FAST_MATH = YES;
				SDKROOT = iphoneos;
				SWIFT_COMPILATION_MODE = wholemodule;
				SWIFT_OPTIMIZATION_LEVEL = "-O";
				VALIDATE_PRODUCT = YES;
			};
			name = Release;
		};
		059E247227DCC82200815DC0 /* Debug */ = {
			isa = XCBuildConfiguration;
			buildSettings = {
				ASSETCATALOG_COMPILER_APPICON_NAME = AppIcon;
				ASSETCATALOG_COMPILER_GLOBAL_ACCENT_COLOR_NAME = AccentColor;
				CODE_SIGN_STYLE = Automatic;
				DEVELOPMENT_ASSET_PATHS = "\"MenuOrderBasic/Preview Content\"";
				ENABLE_PREVIEWS = YES;
				INFOPLIST_FILE = MenuOrderBasic/Info.plist;
				IPHONEOS_DEPLOYMENT_TARGET = 14.0;
				LD_RUNPATH_SEARCH_PATHS = (
					"$(inherited)",
					"@executable_path/Frameworks",
				);
				PRODUCT_BUNDLE_IDENTIFIER = com.neli.MenuOrderBasic;
				PRODUCT_NAME = "$(TARGET_NAME)";
				SWIFT_VERSION = 5.0;
				TARGETED_DEVICE_FAMILY = "1,2";
			};
			name = Debug;
		};
		059E247327DCC82200815DC0 /* Release */ = {
			isa = XCBuildConfiguration;
			buildSettings = {
				ASSETCATALOG_COMPILER_APPICON_NAME = AppIcon;
				ASSETCATALOG_COMPILER_GLOBAL_ACCENT_COLOR_NAME = AccentColor;
				CODE_SIGN_STYLE = Automatic;
				DEVELOPMENT_ASSET_PATHS = "\"MenuOrderBasic/Preview Content\"";
				ENABLE_PREVIEWS = YES;
				INFOPLIST_FILE = MenuOrderBasic/Info.plist;
				IPHONEOS_DEPLOYMENT_TARGET = 14.0;
				LD_RUNPATH_SEARCH_PATHS = (
					"$(inherited)",
					"@executable_path/Frameworks",
				);
				PRODUCT_BUNDLE_IDENTIFIER = com.neli.MenuOrderBasic;
				PRODUCT_NAME = "$(TARGET_NAME)";
				SWIFT_VERSION = 5.0;
				TARGETED_DEVICE_FAMILY = "1,2";
			};
			name = Release;
		};
		059E247527DCC82200815DC0 /* Debug */ = {
			isa = XCBuildConfiguration;
			buildSettings = {
				ALWAYS_EMBED_SWIFT_STANDARD_LIBRARIES = YES;
				BUNDLE_LOADER = "$(TEST_HOST)";
				CODE_SIGN_STYLE = Automatic;
				INFOPLIST_FILE = MenuOrderBasicTests/Info.plist;
				IPHONEOS_DEPLOYMENT_TARGET = 14.0;
				LD_RUNPATH_SEARCH_PATHS = (
					"$(inherited)",
					"@executable_path/Frameworks",
					"@loader_path/Frameworks",
				);
				PRODUCT_BUNDLE_IDENTIFIER = com.neli.MenuOrderBasicTests;
				PRODUCT_NAME = "$(TARGET_NAME)";
				SWIFT_VERSION = 5.0;
				TARGETED_DEVICE_FAMILY = "1,2";
				TEST_HOST = "$(BUILT_PRODUCTS_DIR)/MenuOrderBasic.app/MenuOrderBasic";
			};
			name = Debug;
		};
		059E247627DCC82200815DC0 /* Release */ = {
			isa = XCBuildConfiguration;
			buildSettings = {
				ALWAYS_EMBED_SWIFT_STANDARD_LIBRARIES = YES;
				BUNDLE_LOADER = "$(TEST_HOST)";
				CODE_SIGN_STYLE = Automatic;
				INFOPLIST_FILE = MenuOrderBasicTests/Info.plist;
				IPHONEOS_DEPLOYMENT_TARGET = 14.0;
				LD_RUNPATH_SEARCH_PATHS = (
					"$(inherited)",
					"@executable_path/Frameworks",
					"@loader_path/Frameworks",
				);
				PRODUCT_BUNDLE_IDENTIFIER = com.neli.MenuOrderBasicTests;
				PRODUCT_NAME = "$(TARGET_NAME)";
				SWIFT_VERSION = 5.0;
				TARGETED_DEVICE_FAMILY = "1,2";
				TEST_HOST = "$(BUILT_PRODUCTS_DIR)/MenuOrderBasic.app/MenuOrderBasic";
			};
			name = Release;
		};
		059E247827DCC82200815DC0 /* Debug */ = {
			isa = XCBuildConfiguration;
			buildSettings = {
				ALWAYS_EMBED_SWIFT_STANDARD_LIBRARIES = YES;
				CODE_SIGN_STYLE = Automatic;
				INFOPLIST_FILE = MenuOrderBasicUITests/Info.plist;
				LD_RUNPATH_SEARCH_PATHS = (
					"$(inherited)",
					"@executable_path/Frameworks",
					"@loader_path/Frameworks",
				);
				PRODUCT_BUNDLE_IDENTIFIER = com.neli.MenuOrderBasicUITests;
				PRODUCT_NAME = "$(TARGET_NAME)";
				SWIFT_VERSION = 5.0;
				TARGETED_DEVICE_FAMILY = "1,2";
				TEST_TARGET_NAME = MenuOrderBasic;
			};
			name = Debug;
		};
		059E247927DCC82200815DC0 /* Release */ = {
			isa = XCBuildConfiguration;
			buildSettings = {
				ALWAYS_EMBED_SWIFT_STANDARD_LIBRARIES = YES;
				CODE_SIGN_STYLE = Automatic;
				INFOPLIST_FILE = MenuOrderBasicUITests/Info.plist;
				LD_RUNPATH_SEARCH_PATHS = (
					"$(inherited)",
					"@executable_path/Frameworks",
					"@loader_path/Frameworks",
				);
				PRODUCT_BUNDLE_IDENTIFIER = com.neli.MenuOrderBasicUITests;
				PRODUCT_NAME = "$(TARGET_NAME)";
				SWIFT_VERSION = 5.0;
				TARGETED_DEVICE_FAMILY = "1,2";
				TEST_TARGET_NAME = MenuOrderBasic;
			};
			name = Release;
		};
/* End XCBuildConfiguration section */

/* Begin XCConfigurationList section */
		059E244727DCC82100815DC0 /* Build configuration list for PBXProject "MenuOrderBasic" */ = {
			isa = XCConfigurationList;
			buildConfigurations = (
				059E246F27DCC82200815DC0 /* Debug */,
				059E247027DCC82200815DC0 /* Release */,
			);
			defaultConfigurationIsVisible = 0;
			defaultConfigurationName = Release;
		};
		059E247127DCC82200815DC0 /* Build configuration list for PBXNativeTarget "MenuOrderBasic" */ = {
			isa = XCConfigurationList;
			buildConfigurations = (
				059E247227DCC82200815DC0 /* Debug */,
				059E247327DCC82200815DC0 /* Release */,
			);
			defaultConfigurationIsVisible = 0;
			defaultConfigurationName = Release;
		};
		059E247427DCC82200815DC0 /* Build configuration list for PBXNativeTarget "MenuOrderBasicTests" */ = {
			isa = XCConfigurationList;
			buildConfigurations = (
				059E247527DCC82200815DC0 /* Debug */,
				059E247627DCC82200815DC0 /* Release */,
			);
			defaultConfigurationIsVisible = 0;
			defaultConfigurationName = Release;
		};
		059E247727DCC82200815DC0 /* Build configuration list for PBXNativeTarget "MenuOrderBasicUITests" */ = {
			isa = XCConfigurationList;
			buildConfigurations = (
				059E247827DCC82200815DC0 /* Debug */,
				059E247927DCC82200815DC0 /* Release */,
			);
			defaultConfigurationIsVisible = 0;
			defaultConfigurationName = Release;
		};
/* End XCConfigurationList section */
	};
	rootObject = 059E244427DCC82100815DC0 /* Project object */;
}
